
Microsoft Visual Studio Solution File, Format Version 12.00
# Visual Studio Version 17
VisualStudioVersion = 17.13.35825.156
MinimumVisualStudioVersion = 10.0.40219.1
Project("{8BC9CEB8-8B4A-11D0-8D11-00A0C91BC942}") = "anvil_hf2p", "anvil_hf2p\anvil_hf2p.vcxproj", "{4F1C8DD3-162F-4E26-ADEC-2EC2C1791CDD}"
EndProject
Global
	GlobalSection(SolutionConfigurationPlatforms) = preSolution
		cache_debug_dedicated_server|Any CPU = cache_debug_dedicated_server|Any CPU
		cache_debug_dedicated_server|x86 = cache_debug_dedicated_server|x86
		cache_debug_game_client|Any CPU = cache_debug_game_client|Any CPU
		cache_debug_game_client|x86 = cache_debug_game_client|x86
		cache_play_dedicated_server|Any CPU = cache_play_dedicated_server|Any CPU
		cache_play_dedicated_server|x86 = cache_play_dedicated_server|x86
		cache_play_game_client|Any CPU = cache_play_game_client|Any CPU
		cache_play_game_client|x86 = cache_play_game_client|x86
		cache_release_dedicated_server|Any CPU = cache_release_dedicated_server|Any CPU
		cache_release_dedicated_server|x86 = cache_release_dedicated_server|x86
		cache_release_game_client|Any CPU = cache_release_game_client|Any CPU
		cache_release_game_client|x86 = cache_release_game_client|x86
	EndGlobalSection
	GlobalSection(ProjectConfigurationPlatforms) = postSolution
		{4F1C8DD3-162F-4E26-ADEC-2EC2C1791CDD}.cache_debug_dedicated_server|Any CPU.ActiveCfg = cache_release_dedicated_server|Win32
		{4F1C8DD3-162F-4E26-ADEC-2EC2C1791CDD}.cache_debug_dedicated_server|x86.ActiveCfg = cache_debug_dedicated_server|Win32
		{4F1C8DD3-162F-4E26-ADEC-2EC2C1791CDD}.cache_debug_dedicated_server|x86.Build.0 = cache_debug_dedicated_server|Win32
		{4F1C8DD3-162F-4E26-ADEC-2EC2C1791CDD}.cache_debug_game_client|Any CPU.ActiveCfg = cache_debug_game_client|Win32
		{4F1C8DD3-162F-4E26-ADEC-2EC2C1791CDD}.cache_debug_game_client|Any CPU.Build.0 = cache_debug_game_client|Win32
		{4F1C8DD3-162F-4E26-ADEC-2EC2C1791CDD}.cache_debug_game_client|x86.ActiveCfg = cache_debug_game_client|Win32
		{4F1C8DD3-162F-4E26-ADEC-2EC2C1791CDD}.cache_debug_game_client|x86.Build.0 = cache_debug_game_client|Win32
		{4F1C8DD3-162F-4E26-ADEC-2EC2C1791CDD}.cache_play_dedicated_server|Any CPU.ActiveCfg = cache_play_dedicated_server|Win32
		{4F1C8DD3-162F-4E26-ADEC-2EC2C1791CDD}.cache_play_dedicated_server|Any CPU.Build.0 = cache_play_dedicated_server|Win32
		{4F1C8DD3-162F-4E26-ADEC-2EC2C1791CDD}.cache_play_dedicated_server|x86.ActiveCfg = cache_play_dedicated_server|Win32
		{4F1C8DD3-162F-4E26-ADEC-2EC2C1791CDD}.cache_play_dedicated_server|x86.Build.0 = cache_play_dedicated_server|Win32
		{4F1C8DD3-162F-4E26-ADEC-2EC2C1791CDD}.cache_play_game_client|Any CPU.ActiveCfg = cache_play_game_client|Win32
		{4F1C8DD3-162F-4E26-ADEC-2EC2C1791CDD}.cache_play_game_client|Any CPU.Build.0 = cache_play_game_client|Win32
		{4F1C8DD3-162F-4E26-ADEC-2EC2C1791CDD}.cache_play_game_client|x86.ActiveCfg = cache_play_game_client|Win32
		{4F1C8DD3-162F-4E26-ADEC-2EC2C1791CDD}.cache_play_game_client|x86.Build.0 = cache_play_game_client|Win32
		{4F1C8DD3-162F-4E26-ADEC-2EC2C1791CDD}.cache_release_dedicated_server|Any CPU.ActiveCfg = cache_release_dedicated_server|Win32
		{4F1C8DD3-162F-4E26-ADEC-2EC2C1791CDD}.cache_release_dedicated_server|x86.ActiveCfg = cache_release_dedicated_server|Win32
		{4F1C8DD3-162F-4E26-ADEC-2EC2C1791CDD}.cache_release_dedicated_server|x86.Build.0 = cache_release_dedicated_server|Win32
		{4F1C8DD3-162F-4E26-ADEC-2EC2C1791CDD}.cache_release_game_client|Any CPU.ActiveCfg = cache_release_game_client|Win32
		{4F1C8DD3-162F-4E26-ADEC-2EC2C1791CDD}.cache_release_game_client|Any CPU.Build.0 = cache_release_game_client|Win32
		{4F1C8DD3-162F-4E26-ADEC-2EC2C1791CDD}.cache_release_game_client|x86.ActiveCfg = cache_release_game_client|Win32
		{4F1C8DD3-162F-4E26-ADEC-2EC2C1791CDD}.cache_release_game_client|x86.Build.0 = cache_release_game_client|Win32
	EndGlobalSection
	GlobalSection(SolutionProperties) = preSolution
		HideSolutionNode = FALSE
	EndGlobalSection
	GlobalSection(ExtensibilityGlobals) = postSolution
		SolutionGuid = {B28263E4-9ECD-4834-AF51-7B79A8033191}
	EndGlobalSection
EndGlobal
