
Microsoft Visual Studio Solution File, Format Version 12.00
# Visual Studio Version 16
VisualStudioVersion = 16.0.31129.286
MinimumVisualStudioVersion = 10.0.40219.1
Project("{8BC9CEB8-8B4A-11D0-8D11-00A0C91BC942}") = "hf2p_dedicated_server", "hf2p_server\hf2p_server.vcxproj", "{4F1C8DD3-162F-4E26-ADEC-2EC2C1791CDD}"
EndProject
Global
	GlobalSection(SolutionConfigurationPlatforms) = preSolution
		Debug|x86 = Debug|x86
		Release|x86 = Release|x86
	EndGlobalSection
	GlobalSection(ProjectConfigurationPlatforms) = postSolution
		{4F1C8DD3-162F-4E26-ADEC-2EC2C1791CDD}.Debug|x86.ActiveCfg = Debug|Win32
		{4F1C8DD3-162F-4E26-ADEC-2EC2C1791CDD}.Debug|x86.Build.0 = Debug|Win32
		{4F1C8DD3-162F-4E26-ADEC-2EC2C1791CDD}.Release|x86.ActiveCfg = Release|Win32
		{4F1C8DD3-162F-4E26-ADEC-2EC2C1791CDD}.Release|x86.Build.0 = Release|Win32
	EndGlobalSection
	GlobalSection(SolutionProperties) = preSolution
		HideSolutionNode = FALSE
	EndGlobalSection
	GlobalSection(ExtensibilityGlobals) = postSolution
		SolutionGuid = {B28263E4-9ECD-4834-AF51-7B79A8033191}
	EndGlobalSection
EndGlobal
