
Microsoft Visual Studio Solution File, Format Version 12.00
# Visual Studio Version 16
VisualStudioVersion = 16.0.31129.286
MinimumVisualStudioVersion = 10.0.40219.1
Project("{8BC9CEB8-8B4A-11D0-8D11-00A0C91BC942}") = "hf2p_dedicated_server", "hf2p_server\hf2p_server.vcxproj", "{4F1C8DD3-162F-4E26-ADEC-2EC2C1791CDD}"
EndProject
Project("{9A19103F-16F7-4668-BE54-9A1E7A4F7556}") = "hf2p_launcher", "hf2p_launcher\hf2p_launcher.csproj", "{905D6508-CC55-413E-97D2-2A549D5CED7A}"
EndProject
Global
	GlobalSection(SolutionConfigurationPlatforms) = preSolution
		Debug|Any CPU = Debug|Any CPU
		Debug|x86 = Debug|x86
		ProxyDebug|Any CPU = ProxyDebug|Any CPU
		ProxyDebug|x86 = ProxyDebug|x86
		Release|Any CPU = Release|Any CPU
		Release|x86 = Release|x86
	EndGlobalSection
	GlobalSection(ProjectConfigurationPlatforms) = postSolution
		{4F1C8DD3-162F-4E26-ADEC-2EC2C1791CDD}.Debug|Any CPU.ActiveCfg = Debug|Win32
		{4F1C8DD3-162F-4E26-ADEC-2EC2C1791CDD}.Debug|x86.ActiveCfg = Debug|Win32
		{4F1C8DD3-162F-4E26-ADEC-2EC2C1791CDD}.Debug|x86.Build.0 = Debug|Win32
		{4F1C8DD3-162F-4E26-ADEC-2EC2C1791CDD}.ProxyDebug|Any CPU.ActiveCfg = ProxyDebug|Win32
		{4F1C8DD3-162F-4E26-ADEC-2EC2C1791CDD}.ProxyDebug|x86.ActiveCfg = ProxyDebug|Win32
		{4F1C8DD3-162F-4E26-ADEC-2EC2C1791CDD}.ProxyDebug|x86.Build.0 = ProxyDebug|Win32
		{4F1C8DD3-162F-4E26-ADEC-2EC2C1791CDD}.Release|Any CPU.ActiveCfg = Release|Win32
		{4F1C8DD3-162F-4E26-ADEC-2EC2C1791CDD}.Release|x86.ActiveCfg = Release|Win32
		{4F1C8DD3-162F-4E26-ADEC-2EC2C1791CDD}.Release|x86.Build.0 = Release|Win32
		{905D6508-CC55-413E-97D2-2A549D5CED7A}.Debug|Any CPU.ActiveCfg = Debug|Any CPU
		{905D6508-CC55-413E-97D2-2A549D5CED7A}.Debug|x86.ActiveCfg = Debug|Any CPU
		{905D6508-CC55-413E-97D2-2A549D5CED7A}.ProxyDebug|Any CPU.ActiveCfg = Debug|Any CPU
		{905D6508-CC55-413E-97D2-2A549D5CED7A}.ProxyDebug|x86.ActiveCfg = Debug|Any CPU
		{905D6508-CC55-413E-97D2-2A549D5CED7A}.Release|Any CPU.ActiveCfg = Release|Any CPU
		{905D6508-CC55-413E-97D2-2A549D5CED7A}.Release|x86.ActiveCfg = Release|Any CPU
	EndGlobalSection
	GlobalSection(SolutionProperties) = preSolution
		HideSolutionNode = FALSE
	EndGlobalSection
	GlobalSection(ExtensibilityGlobals) = postSolution
		SolutionGuid = {B28263E4-9ECD-4834-AF51-7B79A8033191}
	EndGlobalSection
EndGlobal
