<?xml version="1.0" encoding="utf-8"?>
<Project ToolsVersion="4.0" xmlns="http://schemas.microsoft.com/developer/msbuild/2003">
  <ItemGroup>
    <Filter Include="Source Files">
      <UniqueIdentifier>{4FC737F1-C7A5-4376-A066-2A32D752A2FF}</UniqueIdentifier>
      <Extensions>cpp;c;cc;cxx;c++;cppm;ixx;def;odl;idl;hpj;bat;asm;asmx</Extensions>
    </Filter>
    <Filter Include="Header Files">
      <UniqueIdentifier>{93995380-89BD-4b04-88EB-625FBE52EBFB}</UniqueIdentifier>
      <Extensions>h;hh;hpp;hxx;h++;hm;inl;inc;ipp;xsd</Extensions>
    </Filter>
    <Filter Include="Resource Files">
      <UniqueIdentifier>{67DA6AB6-F800-4c08-8B7A-83BB121AAD01}</UniqueIdentifier>
      <Extensions>rc;ico;cur;bmp;dlg;rc2;rct;bin;rgs;gif;jpg;jpeg;jpe;resx;tiff;tif;png;wav;mfcribbon-ms</Extensions>
    </Filter>
  </ItemGroup>
  <ItemGroup>
    <ClInclude Include="source\networking\messages\network_message_handler.h">
      <Filter>Header Files</Filter>
    </ClInclude>
    <ClInclude Include="source\networking\messages\network_message_type_collection.h">
      <Filter>Header Files</Filter>
    </ClInclude>
    <ClInclude Include="source\networking\messages\network_message_gateway.h">
      <Filter>Header Files</Filter>
    </ClInclude>
    <ClInclude Include="source\networking\transport\transport_security.h">
      <Filter>Header Files</Filter>
    </ClInclude>
    <ClInclude Include="source\networking\session\network_session_manager.h">
      <Filter>Header Files</Filter>
    </ClInclude>
    <ClInclude Include="source\networking\transport\transport_address.h">
      <Filter>Header Files</Filter>
    </ClInclude>
    <ClInclude Include="source\networking\delivery\network_link.h">
      <Filter>Header Files</Filter>
    </ClInclude>
    <ClInclude Include="source\networking\delivery\network_channel.h">
      <Filter>Header Files</Filter>
    </ClInclude>
    <ClInclude Include="source\networking\session\network_session.h">
      <Filter>Header Files</Filter>
    </ClInclude>
    <ClInclude Include="source\networking\session\network_session_parameters.h">
      <Filter>Header Files</Filter>
    </ClInclude>
    <ClInclude Include="source\networking\session\network_observer.h">
      <Filter>Header Files</Filter>
    </ClInclude>
    <ClInclude Include="source\networking\session\network_session_membership.h">
      <Filter>Header Files</Filter>
    </ClInclude>
    <ClInclude Include="source\networking\session\network_session_parameter_session.h">
      <Filter>Header Files</Filter>
    </ClInclude>
    <ClInclude Include="source\networking\session\network_session_parameters_base.h">
      <Filter>Header Files</Filter>
    </ClInclude>
    <ClInclude Include="source\networking\session\network_session_parameters_game.h">
      <Filter>Header Files</Filter>
    </ClInclude>
    <ClInclude Include="source\networking\session\network_session_parameters_game_variant.h">
      <Filter>Header Files</Filter>
    </ClInclude>
    <ClInclude Include="source\game\game_options.h">
      <Filter>Header Files</Filter>
    </ClInclude>
    <ClInclude Include="source\memory\bitstream.h">
      <Filter>Header Files</Filter>
    </ClInclude>
    <ClInclude Include="source\game\game_engine_player_traits.h">
      <Filter>Header Files</Filter>
    </ClInclude>
    <ClInclude Include="source\networking\session\network_session_parameters_map_variant.h">
      <Filter>Header Files</Filter>
    </ClInclude>
    <ClInclude Include="source\scenario\scenario_map_variant.h">
      <Filter>Header Files</Filter>
    </ClInclude>
    <ClInclude Include="source\math\real_math.h">
      <Filter>Header Files</Filter>
    </ClInclude>
    <ClInclude Include="source\objects\objects.h">
      <Filter>Header Files</Filter>
    </ClInclude>
    <ClInclude Include="source\memory\data.h">
      <Filter>Header Files</Filter>
    </ClInclude>
    <ClInclude Include="source\networking\session\network_session_parameter_saved_film.h">
      <Filter>Header Files</Filter>
    </ClInclude>
    <ClInclude Include="source\game\game_engine.h">
      <Filter>Header Files</Filter>
    </ClInclude>
    <ClInclude Include="source\networking\session\network_session_parameters_matchmaking.h">
      <Filter>Header Files</Filter>
    </ClInclude>
    <ClInclude Include="source\networking\session\network_session_parameter_types.h">
      <Filter>Header Files</Filter>
    </ClInclude>
    <ClInclude Include="source\networking\session\network_session_parameters_ui.h">
      <Filter>Header Files</Filter>
    </ClInclude>
    <ClInclude Include="source\interface\user_interface_networking.h">
      <Filter>Header Files</Filter>
    </ClInclude>
    <ClInclude Include="source\interface\gui_pregame_setup_manager.h">
      <Filter>Header Files</Filter>
    </ClInclude>
    <ClInclude Include="source\game\players.h">
      <Filter>Header Files</Filter>
    </ClInclude>
    <ClInclude Include="source\dllmain.h">
      <Filter>Header Files</Filter>
    </ClInclude>
    <ClInclude Include="source\networking\delivery\network_connection.h">
      <Filter>Header Files</Filter>
    </ClInclude>
    <ClInclude Include="source\networking\messages\network_message_queue.h">
      <Filter>Header Files</Filter>
    </ClInclude>
    <ClInclude Include="source\simulation\simulation.h">
      <Filter>Header Files</Filter>
    </ClInclude>
    <ClInclude Include="source\patch\Patch.hpp">
      <Filter>Header Files</Filter>
    </ClInclude>
    <ClInclude Include="source\patch\Pointer.hpp">
      <Filter>Header Files</Filter>
    </ClInclude>
    <ClInclude Include="source\networking\network_utilities.h">
      <Filter>Header Files</Filter>
    </ClInclude>
    <ClInclude Include="source\networking\network_globals.h">
      <Filter>Header Files</Filter>
    </ClInclude>
    <ClInclude Include="source\networking\logic\network_join.h">
      <Filter>Header Files</Filter>
    </ClInclude>
    <ClInclude Include="source\networking\session\network_managed_session.h">
      <Filter>Header Files</Filter>
    </ClInclude>
    <ClInclude Include="source\networking\transport\transport_shim.h">
      <Filter>Header Files</Filter>
    </ClInclude>
    <ClInclude Include="source\game\player_appearance.h">
      <Filter>Header Files</Filter>
    </ClInclude>
    <ClInclude Include="source\game\player_configuration.h">
      <Filter>Header Files</Filter>
    </ClInclude>
    <ClInclude Include="source\networking\logic\network_session_interface.h">
      <Filter>Header Files</Filter>
    </ClInclude>
    <ClInclude Include="source\memory\sliding_window.h">
      <Filter>Header Files</Filter>
    </ClInclude>
    <ClInclude Include="source\memory\ring_buffer.h">
      <Filter>Header Files</Filter>
    </ClInclude>
    <ClInclude Include="source\networking\network_statistics.h">
      <Filter>Header Files</Filter>
    </ClInclude>
    <ClInclude Include="source\memory\tls.h">
      <Filter>Header Files</Filter>
    </ClInclude>
    <ClInclude Include="source\math\fast_checksum.h">
      <Filter>Header Files</Filter>
    </ClInclude>
  </ItemGroup>
  <ItemGroup>
    <ClCompile Include="source\dllmain.cpp">
      <Filter>Source Files</Filter>
    </ClCompile>
    <ClCompile Include="source\networking\messages\network_messages_out_of_band.cpp">
      <Filter>Source Files</Filter>
    </ClCompile>
    <ClCompile Include="source\networking\messages\network_message_handler.cpp">
      <Filter>Source Files</Filter>
    </ClCompile>
    <ClCompile Include="source\networking\messages\network_message_type_collection.cpp">
      <Filter>Source Files</Filter>
    </ClCompile>
    <ClCompile Include="source\networking\messages\network_message_gateway.cpp">
      <Filter>Source Files</Filter>
    </ClCompile>
    <ClCompile Include="source\networking\transport\transport_security.cpp">
      <Filter>Source Files</Filter>
    </ClCompile>
    <ClCompile Include="source\networking\session\network_session_manager.cpp">
      <Filter>Source Files</Filter>
    </ClCompile>
    <ClCompile Include="source\networking\transport\transport_address.cpp">
      <Filter>Source Files</Filter>
    </ClCompile>
    <ClCompile Include="source\networking\delivery\network_link.cpp">
      <Filter>Source Files</Filter>
    </ClCompile>
    <ClCompile Include="source\networking\delivery\network_channel.cpp">
      <Filter>Source Files</Filter>
    </ClCompile>
    <ClCompile Include="source\networking\session\network_session.cpp">
      <Filter>Source Files</Filter>
    </ClCompile>
    <ClCompile Include="source\networking\session\network_session_parameters.cpp">
      <Filter>Source Files</Filter>
    </ClCompile>
    <ClCompile Include="source\networking\session\network_observer.cpp">
      <Filter>Source Files</Filter>
    </ClCompile>
    <ClCompile Include="source\networking\session\network_session_membership.cpp">
      <Filter>Source Files</Filter>
    </ClCompile>
    <ClCompile Include="source\networking\session\network_session_parameter_session.cpp">
      <Filter>Source Files</Filter>
    </ClCompile>
    <ClCompile Include="source\networking\session\network_session_parameters_base.cpp">
      <Filter>Source Files</Filter>
    </ClCompile>
    <ClCompile Include="source\networking\session\network_session_parameters_game.cpp">
      <Filter>Source Files</Filter>
    </ClCompile>
    <ClCompile Include="source\networking\session\network_session_parameters_game_variant.cpp">
      <Filter>Source Files</Filter>
    </ClCompile>
    <ClCompile Include="source\game\game_options.cpp">
      <Filter>Source Files</Filter>
    </ClCompile>
    <ClCompile Include="source\memory\bitstream.cpp">
      <Filter>Source Files</Filter>
    </ClCompile>
    <ClCompile Include="source\game\game_engine_player_traits.cpp">
      <Filter>Source Files</Filter>
    </ClCompile>
    <ClCompile Include="source\networking\session\network_session_parameters_map_variant.cpp">
      <Filter>Source Files</Filter>
    </ClCompile>
    <ClCompile Include="source\scenario\scenario_map_variant.cpp">
      <Filter>Source Files</Filter>
    </ClCompile>
    <ClCompile Include="source\math\real_math.cpp">
      <Filter>Source Files</Filter>
    </ClCompile>
    <ClCompile Include="source\objects\objects.cpp">
      <Filter>Source Files</Filter>
    </ClCompile>
    <ClCompile Include="source\memory\data.cpp">
      <Filter>Source Files</Filter>
    </ClCompile>
    <ClCompile Include="source\networking\session\network_session_parameter_saved_film.cpp">
      <Filter>Source Files</Filter>
    </ClCompile>
    <ClCompile Include="source\game\game_engine.cpp">
      <Filter>Source Files</Filter>
    </ClCompile>
    <ClCompile Include="source\networking\session\network_session_parameters_matchmaking.cpp">
      <Filter>Source Files</Filter>
    </ClCompile>
    <ClCompile Include="source\networking\session\network_session_parameter_types.cpp">
      <Filter>Source Files</Filter>
    </ClCompile>
    <ClCompile Include="source\networking\session\network_session_parameters_ui.cpp">
      <Filter>Source Files</Filter>
    </ClCompile>
    <ClCompile Include="source\interface\user_interface_networking.cpp">
      <Filter>Source Files</Filter>
    </ClCompile>
    <ClCompile Include="source\interface\gui_pregame_setup_manager.cpp">
      <Filter>Source Files</Filter>
    </ClCompile>
    <ClCompile Include="source\game\players.cpp">
      <Filter>Source Files</Filter>
    </ClCompile>
    <ClCompile Include="source\networking\delivery\network_connection.cpp">
      <Filter>Source Files</Filter>
    </ClCompile>
    <ClCompile Include="source\networking\messages\network_message_queue.cpp">
      <Filter>Source Files</Filter>
    </ClCompile>
    <ClCompile Include="source\simulation\simulation.cpp">
      <Filter>Source Files</Filter>
    </ClCompile>
    <ClCompile Include="source\patch\Patch.cpp">
      <Filter>Source Files</Filter>
    </ClCompile>
    <ClCompile Include="source\patch\Pointer.cpp">
      <Filter>Source Files</Filter>
    </ClCompile>
    <ClCompile Include="source\networking\network_utilities.cpp">
      <Filter>Source Files</Filter>
    </ClCompile>
    <ClCompile Include="source\networking\network_globals.cpp">
      <Filter>Source Files</Filter>
    </ClCompile>
    <ClCompile Include="source\networking\logic\network_join.cpp">
      <Filter>Source Files</Filter>
    </ClCompile>
    <ClCompile Include="source\networking\session\network_managed_session.cpp">
      <Filter>Source Files</Filter>
    </ClCompile>
    <ClCompile Include="source\networking\transport\transport_shim.cpp">
      <Filter>Source Files</Filter>
    </ClCompile>
    <ClCompile Include="source\game\player_appearance.cpp">
      <Filter>Source Files</Filter>
    </ClCompile>
    <ClCompile Include="source\game\player_configuration.cpp">
      <Filter>Source Files</Filter>
    </ClCompile>
    <ClCompile Include="source\networking\logic\network_session_interface.cpp">
      <Filter>Source Files</Filter>
    </ClCompile>
    <ClCompile Include="source\networking\network_statistics.cpp">
      <Filter>Source Files</Filter>
    </ClCompile>
    <ClCompile Include="source\memory\tls.cpp">
      <Filter>Source Files</Filter>
    </ClCompile>
    <ClCompile Include="source\math\fast_checksum.cpp">
      <Filter>Source Files</Filter>
    </ClCompile>
  </ItemGroup>
</Project>