<?xml version="1.0" encoding="utf-8"?>
<Project ToolsVersion="4.0" xmlns="http://schemas.microsoft.com/developer/msbuild/2003">
  <ItemGroup>
    <Filter Include="Source Files">
      <UniqueIdentifier>{4FC737F1-C7A5-4376-A066-2A32D752A2FF}</UniqueIdentifier>
      <Extensions>cpp;c;cc;cxx;c++;cppm;ixx;def;odl;idl;hpj;bat;asm;asmx</Extensions>
    </Filter>
    <Filter Include="Header Files">
      <UniqueIdentifier>{93995380-89BD-4b04-88EB-625FBE52EBFB}</UniqueIdentifier>
      <Extensions>h;hh;hpp;hxx;h++;hm;inl;inc;ipp;xsd</Extensions>
    </Filter>
    <Filter Include="Resource Files">
      <UniqueIdentifier>{67DA6AB6-F800-4c08-8B7A-83BB121AAD01}</UniqueIdentifier>
      <Extensions>rc;ico;cur;bmp;dlg;rc2;rct;bin;rgs;gif;jpg;jpeg;jpe;resx;tiff;tif;png;wav;mfcribbon-ms</Extensions>
    </Filter>
  </ItemGroup>
  <ItemGroup>
    <ClInclude Include="source\networking\messages\network_message_handler.h">
      <Filter>Header Files</Filter>
    </ClInclude>
    <ClInclude Include="source\networking\messages\network_message_type_collection.h">
      <Filter>Header Files</Filter>
    </ClInclude>
    <ClInclude Include="source\networking\messages\network_message_gateway.h">
      <Filter>Header Files</Filter>
    </ClInclude>
    <ClInclude Include="source\networking\transport\transport_security.h">
      <Filter>Header Files</Filter>
    </ClInclude>
    <ClInclude Include="source\networking\session\network_session_manager.h">
      <Filter>Header Files</Filter>
    </ClInclude>
    <ClInclude Include="source\networking\transport\transport_address.h">
      <Filter>Header Files</Filter>
    </ClInclude>
    <ClInclude Include="source\networking\delivery\network_link.h">
      <Filter>Header Files</Filter>
    </ClInclude>
    <ClInclude Include="source\networking\delivery\network_channel.h">
      <Filter>Header Files</Filter>
    </ClInclude>
    <ClInclude Include="source\networking\session\network_session.h">
      <Filter>Header Files</Filter>
    </ClInclude>
    <ClInclude Include="source\networking\session\network_session_parameters.h">
      <Filter>Header Files</Filter>
    </ClInclude>
    <ClInclude Include="source\networking\session\network_observer.h">
      <Filter>Header Files</Filter>
    </ClInclude>
  </ItemGroup>
  <ItemGroup>
    <ClCompile Include="source\dllmain.cpp">
      <Filter>Source Files</Filter>
    </ClCompile>
    <ClCompile Include="source\networking\messages\network_messages_out_of_band.cpp">
      <Filter>Source Files</Filter>
    </ClCompile>
    <ClCompile Include="source\networking\messages\network_message_handler.cpp">
      <Filter>Source Files</Filter>
    </ClCompile>
    <ClCompile Include="source\networking\messages\network_message_type_collection.cpp">
      <Filter>Source Files</Filter>
    </ClCompile>
    <ClCompile Include="source\networking\messages\network_message_gateway.cpp">
      <Filter>Source Files</Filter>
    </ClCompile>
    <ClCompile Include="source\networking\transport\transport_security.cpp">
      <Filter>Source Files</Filter>
    </ClCompile>
    <ClCompile Include="source\networking\session\network_session_manager.cpp">
      <Filter>Source Files</Filter>
    </ClCompile>
    <ClCompile Include="source\networking\transport\transport_address.cpp">
      <Filter>Source Files</Filter>
    </ClCompile>
    <ClCompile Include="source\networking\delivery\network_link.cpp">
      <Filter>Source Files</Filter>
    </ClCompile>
    <ClCompile Include="source\networking\delivery\network_channel.cpp">
      <Filter>Source Files</Filter>
    </ClCompile>
    <ClCompile Include="source\networking\session\network_session.cpp">
      <Filter>Source Files</Filter>
    </ClCompile>
    <ClCompile Include="source\networking\session\network_session_parameters.cpp">
      <Filter>Source Files</Filter>
    </ClCompile>
    <ClCompile Include="source\networking\session\network_observer.cpp">
      <Filter>Source Files</Filter>
    </ClCompile>
  </ItemGroup>
</Project>